
Microsoft Visual Studio Solution File, Format Version 12.00
Project("{FAE04EC0-301F-11D3-BF4B-00C04F79EFBC}") = "mysterdru.github.io", "mysterdru.github.io\mysterdru.github.io.csproj", "{90EEC5CB-3BD3-4569-8997-597B06BF6814}"
EndProject
Global
	GlobalSection(SolutionConfigurationPlatforms) = preSolution
		Debug|Any CPU = Debug|Any CPU
		Release|Any CPU = Release|Any CPU
	EndGlobalSection
	GlobalSection(ProjectConfigurationPlatforms) = postSolution
		{90EEC5CB-3BD3-4569-8997-597B06BF6814}.Debug|Any CPU.ActiveCfg = Debug|Any CPU
		{90EEC5CB-3BD3-4569-8997-597B06BF6814}.Debug|Any CPU.Build.0 = Debug|Any CPU
		{90EEC5CB-3BD3-4569-8997-597B06BF6814}.Release|Any CPU.ActiveCfg = Release|Any CPU
		{90EEC5CB-3BD3-4569-8997-597B06BF6814}.Release|Any CPU.Build.0 = Release|Any CPU
	EndGlobalSection
EndGlobal
